{
  "name": "wxtest",
  "version": "1.0.0",
  "lockfileVersion": 1,
  "requires": true,
  "dependencies": {
    "@minui/wxc-abnor": {
      "version": "1.0.5",
      "resolved": "http://registry.npm.taobao.org/@minui/wxc-abnor/download/@minui/wxc-abnor-1.0.5.tgz",
      "integrity": "sha1-7bSMPHjjDj+jhVLOdu1HFD477k0="
    },
    "@minui/wxc-icon": {
      "version": "1.0.6",
      "resolved": "http://registry.npm.taobao.org/@minui/wxc-icon/download/@minui/wxc-icon-1.0.6.tgz",
      "integrity": "sha1-gCegfdhEM0O+YoZ/0kdliCp8uA8="
    },
    "@minui/wxc-toast": {
      "version": "1.0.6",
      "resolved": "http://registry.npm.taobao.org/@minui/wxc-toast/download/@minui/wxc-toast-1.0.6.tgz",
      "integrity": "sha1-vNwzDL3zCQkw/QH8QJD4iN6ctKo=",
      "requires": {
        "@minui/wxc-icon": "1.0.6"
      }
    }
  }
}
